
Microsoft Visual Studio Solution File, Format Version 12.00
# Visual Studio Version 16
VisualStudioVersion = 16.0.31702.278
MinimumVisualStudioVersion = 10.0.40219.1
Project("{9A19103F-16F7-4668-BE54-9A1E7A4F7556}") = "MainDemo.Module", "MainDemo.Module\MainDemo.Module.csproj", "{301E5482-1B44-421F-A5FB-73CA3483921F}"
EndProject
Project("{9A19103F-16F7-4668-BE54-9A1E7A4F7556}") = "MainDemo.Module.Blazor", "MainDemo.Module.Blazor\MainDemo.Module.Blazor.csproj", "{A37F5AC8-9F72-4618-B8BF-9B7D5D7E7BFD}"
EndProject
Project("{9A19103F-16F7-4668-BE54-9A1E7A4F7556}") = "MainDemo.Blazor.Server", "MainDemo.Blazor.Server\MainDemo.Blazor.Server.csproj", "{22F9E007-21CF-4766-8373-B4CD58AB049E}"
EndProject
Global
	GlobalSection(SolutionConfigurationPlatforms) = preSolution
		Debug|Any CPU = Debug|Any CPU
		Release|Any CPU = Release|Any CPU
	EndGlobalSection
	GlobalSection(ProjectConfigurationPlatforms) = postSolution
		{301E5482-1B44-421F-A5FB-73CA3483921F}.Debug|Any CPU.ActiveCfg = Debug|Any CPU
		{301E5482-1B44-421F-A5FB-73CA3483921F}.Debug|Any CPU.Build.0 = Debug|Any CPU
		{301E5482-1B44-421F-A5FB-73CA3483921F}.Release|Any CPU.ActiveCfg = Release|Any CPU
		{301E5482-1B44-421F-A5FB-73CA3483921F}.Release|Any CPU.Build.0 = Release|Any CPU
		{A37F5AC8-9F72-4618-B8BF-9B7D5D7E7BFD}.Debug|Any CPU.ActiveCfg = Debug|Any CPU
		{A37F5AC8-9F72-4618-B8BF-9B7D5D7E7BFD}.Debug|Any CPU.Build.0 = Debug|Any CPU
		{A37F5AC8-9F72-4618-B8BF-9B7D5D7E7BFD}.Release|Any CPU.ActiveCfg = Release|Any CPU
		{A37F5AC8-9F72-4618-B8BF-9B7D5D7E7BFD}.Release|Any CPU.Build.0 = Release|Any CPU
		{22F9E007-21CF-4766-8373-B4CD58AB049E}.Debug|Any CPU.ActiveCfg = Debug|Any CPU
		{22F9E007-21CF-4766-8373-B4CD58AB049E}.Debug|Any CPU.Build.0 = Debug|Any CPU
		{22F9E007-21CF-4766-8373-B4CD58AB049E}.Release|Any CPU.ActiveCfg = Release|Any CPU
		{22F9E007-21CF-4766-8373-B4CD58AB049E}.Release|Any CPU.Build.0 = Release|Any CPU
	EndGlobalSection
	GlobalSection(SolutionProperties) = preSolution
		HideSolutionNode = FALSE
	EndGlobalSection
	GlobalSection(ExtensibilityGlobals) = postSolution
		SolutionGuid = {FAFDE776-38C1-48FF-A669-4F688140F6C5}
	EndGlobalSection
EndGlobal
